
Microsoft Visual Studio Solution File, Format Version 12.00
# Visual Studio 15
VisualStudioVersion = 15.0.35431.46
MinimumVisualStudioVersion = 10.0.40219.1
Project("{FAE04EC0-301F-11D3-BF4B-00C04F79EFBC}") = "Kütüphane ve Kitap", "Kütüphane ve Kitap\Kütüphane ve Kitap.csproj", "{FCAF4934-CC54-476A-A075-62F0488AD6D8}"
EndProject
Global
	GlobalSection(SolutionConfigurationPlatforms) = preSolution
		Debug|Any CPU = Debug|Any CPU
		Release|Any CPU = Release|Any CPU
	EndGlobalSection
	GlobalSection(ProjectConfigurationPlatforms) = postSolution
		{FCAF4934-CC54-476A-A075-62F0488AD6D8}.Debug|Any CPU.ActiveCfg = Debug|Any CPU
		{FCAF4934-CC54-476A-A075-62F0488AD6D8}.Debug|Any CPU.Build.0 = Debug|Any CPU
		{FCAF4934-CC54-476A-A075-62F0488AD6D8}.Release|Any CPU.ActiveCfg = Release|Any CPU
		{FCAF4934-CC54-476A-A075-62F0488AD6D8}.Release|Any CPU.Build.0 = Release|Any CPU
	EndGlobalSection
	GlobalSection(SolutionProperties) = preSolution
		HideSolutionNode = FALSE
	EndGlobalSection
	GlobalSection(ExtensibilityGlobals) = postSolution
		SolutionGuid = {B421807C-1F7D-4589-980D-51B8777C7950}
	EndGlobalSection
EndGlobal
