
Microsoft Visual Studio Solution File, Format Version 12.00
# Visual Studio 15
VisualStudioVersion = 15.0.35431.46
MinimumVisualStudioVersion = 10.0.40219.1
Project("{FAE04EC0-301F-11D3-BF4B-00C04F79EFBC}") = "Bilgisayar ve İşlemci", "Bilgisayar ve İşlemci\Bilgisayar ve İşlemci.csproj", "{DD7A9135-3E9D-4B72-A1F9-D0D90FCE1CF8}"
EndProject
Global
	GlobalSection(SolutionConfigurationPlatforms) = preSolution
		Debug|Any CPU = Debug|Any CPU
		Release|Any CPU = Release|Any CPU
	EndGlobalSection
	GlobalSection(ProjectConfigurationPlatforms) = postSolution
		{DD7A9135-3E9D-4B72-A1F9-D0D90FCE1CF8}.Debug|Any CPU.ActiveCfg = Debug|Any CPU
		{DD7A9135-3E9D-4B72-A1F9-D0D90FCE1CF8}.Debug|Any CPU.Build.0 = Debug|Any CPU
		{DD7A9135-3E9D-4B72-A1F9-D0D90FCE1CF8}.Release|Any CPU.ActiveCfg = Release|Any CPU
		{DD7A9135-3E9D-4B72-A1F9-D0D90FCE1CF8}.Release|Any CPU.Build.0 = Release|Any CPU
	EndGlobalSection
	GlobalSection(SolutionProperties) = preSolution
		HideSolutionNode = FALSE
	EndGlobalSection
	GlobalSection(ExtensibilityGlobals) = postSolution
		SolutionGuid = {0AA9AE69-86A9-41AB-9D0D-D14703B1ED20}
	EndGlobalSection
EndGlobal
